// !$*UTF8*$!
{
	archiveVersion = 1;
	classes = {
	};
	objectVersion = 56;
	objects = {

/* Begin PBXBuildFile section */
		C24CA94F2BC1AE29002BC8BF /* APIRequestManager.swift in Sources */ = {isa = PBXBuildFile; fileRef = C24CA94E2BC1AE29002BC8BF /* APIRequestManager.swift */; };
		C24CA9512BC1AE83002BC8BF /* URLRequestBuilder.swift in Sources */ = {isa = PBXBuildFile; fileRef = C24CA9502BC1AE83002BC8BF /* URLRequestBuilder.swift */; };
		C24CA9532BC1AEB7002BC8BF /* APIErrorHandler.swift in Sources */ = {isa = PBXBuildFile; fileRef = C24CA9522BC1AEB7002BC8BF /* APIErrorHandler.swift */; };
		C24CA9562BC1AED6002BC8BF /* HTTPMethod.swift in Sources */ = {isa = PBXBuildFile; fileRef = C24CA9552BC1AED6002BC8BF /* HTTPMethod.swift */; };
		C24CA9592BC1BC0F002BC8BF /* HomeService.swift in Sources */ = {isa = PBXBuildFile; fileRef = C24CA9582BC1BC0F002BC8BF /* HomeService.swift */; };
		C24CA95B2BC1BC1E002BC8BF /* HomeServiceProvider.swift in Sources */ = {isa = PBXBuildFile; fileRef = C24CA95A2BC1BC1E002BC8BF /* HomeServiceProvider.swift */; };
		C24CA95E2BC1BC3F002BC8BF /* Cat.swift in Sources */ = {isa = PBXBuildFile; fileRef = C24CA95D2BC1BC3F002BC8BF /* Cat.swift */; };
		C24CA9612BC20C1A002BC8BF /* Result+Extensions.swift in Sources */ = {isa = PBXBuildFile; fileRef = C24CA9602BC20C1A002BC8BF /* Result+Extensions.swift */; };
		C2D56E522BC038A7001B90AC /* RootCoordinator.swift in Sources */ = {isa = PBXBuildFile; fileRef = C2D56E512BC038A7001B90AC /* RootCoordinator.swift */; };
		C2D56E572BC038D0001B90AC /* Coordinator.swift in Sources */ = {isa = PBXBuildFile; fileRef = C2D56E562BC038D0001B90AC /* Coordinator.swift */; };
		C2D56E592BC038F7001B90AC /* HomeCoordinator.swift in Sources */ = {isa = PBXBuildFile; fileRef = C2D56E582BC038F7001B90AC /* HomeCoordinator.swift */; };
		C2D56E682BC0734A001B90AC /* ParentCoordinator.swift in Sources */ = {isa = PBXBuildFile; fileRef = C2D56E672BC0734A001B90AC /* ParentCoordinator.swift */; };
		C2D56E6B2BC073A5001B90AC /* ChildCoordinator.swift in Sources */ = {isa = PBXBuildFile; fileRef = C2D56E6A2BC073A5001B90AC /* ChildCoordinator.swift */; };
		C2D56E6E2BC07EE5001B90AC /* DetailCoordinator.swift in Sources */ = {isa = PBXBuildFile; fileRef = C2D56E6D2BC07EE5001B90AC /* DetailCoordinator.swift */; };
		C2D56E702BC07EF3001B90AC /* DetailViewController.swift in Sources */ = {isa = PBXBuildFile; fileRef = C2D56E6F2BC07EF3001B90AC /* DetailViewController.swift */; };
		C2EE56692BC01AF500EC913D /* AppDelegate.swift in Sources */ = {isa = PBXBuildFile; fileRef = C2EE56682BC01AF500EC913D /* AppDelegate.swift */; };
		C2EE566B2BC01AF500EC913D /* SceneDelegate.swift in Sources */ = {isa = PBXBuildFile; fileRef = C2EE566A2BC01AF500EC913D /* SceneDelegate.swift */; };
		C2EE566D2BC01AF500EC913D /* HomeViewController.swift in Sources */ = {isa = PBXBuildFile; fileRef = C2EE566C2BC01AF500EC913D /* HomeViewController.swift */; };
		C2EE56722BC01AF700EC913D /* Assets.xcassets in Resources */ = {isa = PBXBuildFile; fileRef = C2EE56712BC01AF700EC913D /* Assets.xcassets */; };
		C2EE56752BC01AF700EC913D /* Base in Resources */ = {isa = PBXBuildFile; fileRef = C2EE56742BC01AF700EC913D /* Base */; };
		C2EE56802BC01AF700EC913D /* DemoSwiftProjectTests.swift in Sources */ = {isa = PBXBuildFile; fileRef = C2EE567F2BC01AF700EC913D /* DemoSwiftProjectTests.swift */; };
		C2FEA98E2BC029B9009400C3 /* .swiftlint.yml in Resources */ = {isa = PBXBuildFile; fileRef = C2FEA98D2BC029B9009400C3 /* .swiftlint.yml */; };
		C2FEA9902BC029EB009400C3 /* .swiftlint.yml in Resources */ = {isa = PBXBuildFile; fileRef = C2FEA98F2BC029EB009400C3 /* .swiftlint.yml */; };
/* End PBXBuildFile section */

/* Begin PBXContainerItemProxy section */
		C2EE567C2BC01AF700EC913D /* PBXContainerItemProxy */ = {
			isa = PBXContainerItemProxy;
			containerPortal = C2EE565D2BC01AF500EC913D /* Project object */;
			proxyType = 1;
			remoteGlobalIDString = C2EE56642BC01AF500EC913D;
			remoteInfo = DemoSwiftProject;
		};
/* End PBXContainerItemProxy section */

/* Begin PBXFileReference section */
		C24CA94E2BC1AE29002BC8BF /* APIRequestManager.swift */ = {isa = PBXFileReference; lastKnownFileType = sourcecode.swift; path = APIRequestManager.swift; sourceTree = "<group>"; };
		C24CA9502BC1AE83002BC8BF /* URLRequestBuilder.swift */ = {isa = PBXFileReference; lastKnownFileType = sourcecode.swift; path = URLRequestBuilder.swift; sourceTree = "<group>"; };
		C24CA9522BC1AEB7002BC8BF /* APIErrorHandler.swift */ = {isa = PBXFileReference; lastKnownFileType = sourcecode.swift; path = APIErrorHandler.swift; sourceTree = "<group>"; };
		C24CA9552BC1AED6002BC8BF /* HTTPMethod.swift */ = {isa = PBXFileReference; lastKnownFileType = sourcecode.swift; path = HTTPMethod.swift; sourceTree = "<group>"; };
		C24CA9582BC1BC0F002BC8BF /* HomeService.swift */ = {isa = PBXFileReference; lastKnownFileType = sourcecode.swift; path = HomeService.swift; sourceTree = "<group>"; };
		C24CA95A2BC1BC1E002BC8BF /* HomeServiceProvider.swift */ = {isa = PBXFileReference; lastKnownFileType = sourcecode.swift; path = HomeServiceProvider.swift; sourceTree = "<group>"; };
		C24CA95D2BC1BC3F002BC8BF /* Cat.swift */ = {isa = PBXFileReference; lastKnownFileType = sourcecode.swift; path = Cat.swift; sourceTree = "<group>"; };
		C24CA9602BC20C1A002BC8BF /* Result+Extensions.swift */ = {isa = PBXFileReference; lastKnownFileType = sourcecode.swift; path = "Result+Extensions.swift"; sourceTree = "<group>"; };
		C2D56E512BC038A7001B90AC /* RootCoordinator.swift */ = {isa = PBXFileReference; lastKnownFileType = sourcecode.swift; path = RootCoordinator.swift; sourceTree = "<group>"; };
		C2D56E562BC038D0001B90AC /* Coordinator.swift */ = {isa = PBXFileReference; lastKnownFileType = sourcecode.swift; path = Coordinator.swift; sourceTree = "<group>"; };
		C2D56E582BC038F7001B90AC /* HomeCoordinator.swift */ = {isa = PBXFileReference; lastKnownFileType = sourcecode.swift; path = HomeCoordinator.swift; sourceTree = "<group>"; };
		C2D56E672BC0734A001B90AC /* ParentCoordinator.swift */ = {isa = PBXFileReference; lastKnownFileType = sourcecode.swift; path = ParentCoordinator.swift; sourceTree = "<group>"; };
		C2D56E6A2BC073A5001B90AC /* ChildCoordinator.swift */ = {isa = PBXFileReference; lastKnownFileType = sourcecode.swift; path = ChildCoordinator.swift; sourceTree = "<group>"; };
		C2D56E6D2BC07EE5001B90AC /* DetailCoordinator.swift */ = {isa = PBXFileReference; lastKnownFileType = sourcecode.swift; path = DetailCoordinator.swift; sourceTree = "<group>"; };
		C2D56E6F2BC07EF3001B90AC /* DetailViewController.swift */ = {isa = PBXFileReference; lastKnownFileType = sourcecode.swift; path = DetailViewController.swift; sourceTree = "<group>"; };
		C2EE56652BC01AF500EC913D /* DemoSwiftProject.app */ = {isa = PBXFileReference; explicitFileType = wrapper.application; includeInIndex = 0; path = DemoSwiftProject.app; sourceTree = BUILT_PRODUCTS_DIR; };
		C2EE56682BC01AF500EC913D /* AppDelegate.swift */ = {isa = PBXFileReference; lastKnownFileType = sourcecode.swift; path = AppDelegate.swift; sourceTree = "<group>"; };
		C2EE566A2BC01AF500EC913D /* SceneDelegate.swift */ = {isa = PBXFileReference; lastKnownFileType = sourcecode.swift; path = SceneDelegate.swift; sourceTree = "<group>"; };
		C2EE566C2BC01AF500EC913D /* HomeViewController.swift */ = {isa = PBXFileReference; lastKnownFileType = sourcecode.swift; path = HomeViewController.swift; sourceTree = "<group>"; };
		C2EE56712BC01AF700EC913D /* Assets.xcassets */ = {isa = PBXFileReference; lastKnownFileType = folder.assetcatalog; path = Assets.xcassets; sourceTree = "<group>"; };
		C2EE56742BC01AF700EC913D /* Base */ = {isa = PBXFileReference; lastKnownFileType = file.storyboard; name = Base; path = Base.lproj/LaunchScreen.storyboard; sourceTree = "<group>"; };
		C2EE56762BC01AF700EC913D /* Info.plist */ = {isa = PBXFileReference; lastKnownFileType = text.plist.xml; path = Info.plist; sourceTree = "<group>"; };
		C2EE567B2BC01AF700EC913D /* DemoSwiftProjectTests.xctest */ = {isa = PBXFileReference; explicitFileType = wrapper.cfbundle; includeInIndex = 0; path = DemoSwiftProjectTests.xctest; sourceTree = BUILT_PRODUCTS_DIR; };
		C2EE567F2BC01AF700EC913D /* DemoSwiftProjectTests.swift */ = {isa = PBXFileReference; lastKnownFileType = sourcecode.swift; path = DemoSwiftProjectTests.swift; sourceTree = "<group>"; };
		C2FEA98D2BC029B9009400C3 /* .swiftlint.yml */ = {isa = PBXFileReference; lastKnownFileType = text.yaml; path = .swiftlint.yml; sourceTree = "<group>"; };
		C2FEA98F2BC029EB009400C3 /* .swiftlint.yml */ = {isa = PBXFileReference; lastKnownFileType = text.yaml; path = .swiftlint.yml; sourceTree = "<group>"; };
/* End PBXFileReference section */

/* Begin PBXFrameworksBuildPhase section */
		C2EE56622BC01AF500EC913D /* Frameworks */ = {
			isa = PBXFrameworksBuildPhase;
			buildActionMask = 2147483647;
			files = (
			);
			runOnlyForDeploymentPostprocessing = 0;
		};
		C2EE56782BC01AF700EC913D /* Frameworks */ = {
			isa = PBXFrameworksBuildPhase;
			buildActionMask = 2147483647;
			files = (
			);
			runOnlyForDeploymentPostprocessing = 0;
		};
/* End PBXFrameworksBuildPhase section */

/* Begin PBXGroup section */
		C24CA94B2BC1AD77002BC8BF /* Service */ = {
			isa = PBXGroup;
			children = (
				C24CA94D2BC1AE17002BC8BF /* API Request */,
				C24CA94C2BC1AE01002BC8BF /* Core Data */,
			);
			path = Service;
			sourceTree = "<group>";
		};
		C24CA94C2BC1AE01002BC8BF /* Core Data */ = {
			isa = PBXGroup;
			children = (
			);
			path = "Core Data";
			sourceTree = "<group>";
		};
		C24CA94D2BC1AE17002BC8BF /* API Request */ = {
			isa = PBXGroup;
			children = (
				C24CA94E2BC1AE29002BC8BF /* APIRequestManager.swift */,
				C24CA9502BC1AE83002BC8BF /* URLRequestBuilder.swift */,
				C24CA9522BC1AEB7002BC8BF /* APIErrorHandler.swift */,
				C24CA9552BC1AED6002BC8BF /* HTTPMethod.swift */,
			);
			path = "API Request";
			sourceTree = "<group>";
		};
		C24CA9572BC1BC04002BC8BF /* Service */ = {
			isa = PBXGroup;
			children = (
				C24CA9582BC1BC0F002BC8BF /* HomeService.swift */,
				C24CA95A2BC1BC1E002BC8BF /* HomeServiceProvider.swift */,
			);
			path = Service;
			sourceTree = "<group>";
		};
		C24CA95C2BC1BC35002BC8BF /* Model */ = {
			isa = PBXGroup;
			children = (
				C24CA95D2BC1BC3F002BC8BF /* Cat.swift */,
			);
			path = Model;
			sourceTree = "<group>";
		};
		C24CA95F2BC20BD5002BC8BF /* Extensions */ = {
			isa = PBXGroup;
			children = (
				C24CA9602BC20C1A002BC8BF /* Result+Extensions.swift */,
			);
			path = Extensions;
			sourceTree = "<group>";
		};
		C2D56E502BC0387E001B90AC /* Coordinator */ = {
			isa = PBXGroup;
			children = (
				C2D56E562BC038D0001B90AC /* Coordinator.swift */,
				C2D56E672BC0734A001B90AC /* ParentCoordinator.swift */,
				C2D56E6A2BC073A5001B90AC /* ChildCoordinator.swift */,
			);
			path = Coordinator;
			sourceTree = "<group>";
		};
		C2D56E5A2BC04288001B90AC /* App */ = {
			isa = PBXGroup;
			children = (
				C2D56E5B2BC0428C001B90AC /* Core */,
				C2D56E5C2BC04297001B90AC /* Lint */,
			);
			path = App;
			sourceTree = "<group>";
		};
		C2D56E5B2BC0428C001B90AC /* Core */ = {
			isa = PBXGroup;
			children = (
				C2EE56682BC01AF500EC913D /* AppDelegate.swift */,
				C2EE566A2BC01AF500EC913D /* SceneDelegate.swift */,
				C2D56E512BC038A7001B90AC /* RootCoordinator.swift */,
			);
			path = Core;
			sourceTree = "<group>";
		};
		C2D56E5C2BC04297001B90AC /* Lint */ = {
			isa = PBXGroup;
			children = (
			);
			path = Lint;
			sourceTree = "<group>";
		};
		C2D56E5D2BC042A5001B90AC /* Scenes */ = {
			isa = PBXGroup;
			children = (
				C2D56E5E2BC042B0001B90AC /* Home */,
				C2D56E6C2BC07ED8001B90AC /* Detail */,
			);
			path = Scenes;
			sourceTree = "<group>";
		};
		C2D56E5E2BC042B0001B90AC /* Home */ = {
			isa = PBXGroup;
			children = (
				C24CA9572BC1BC04002BC8BF /* Service */,
				C2D56E582BC038F7001B90AC /* HomeCoordinator.swift */,
				C2EE566C2BC01AF500EC913D /* HomeViewController.swift */,
			);
			path = Home;
			sourceTree = "<group>";
		};
		C2D56E5F2BC042BF001B90AC /* Resources */ = {
			isa = PBXGroup;
			children = (
				C2EE56712BC01AF700EC913D /* Assets.xcassets */,
				C2EE56732BC01AF700EC913D /* LaunchScreen.storyboard */,
			);
			path = Resources;
			sourceTree = "<group>";
		};
		C2D56E6C2BC07ED8001B90AC /* Detail */ = {
			isa = PBXGroup;
			children = (
				C2D56E6D2BC07EE5001B90AC /* DetailCoordinator.swift */,
				C2D56E6F2BC07EF3001B90AC /* DetailViewController.swift */,
			);
			path = Detail;
			sourceTree = "<group>";
		};
		C2EE565C2BC01AF500EC913D = {
			isa = PBXGroup;
			children = (
				C2EE56672BC01AF500EC913D /* DemoSwiftProject */,
				C2EE567E2BC01AF700EC913D /* DemoSwiftProjectTests */,
				C2EE56662BC01AF500EC913D /* Products */,
			);
			sourceTree = "<group>";
		};
		C2EE56662BC01AF500EC913D /* Products */ = {
			isa = PBXGroup;
			children = (
				C2EE56652BC01AF500EC913D /* DemoSwiftProject.app */,
				C2EE567B2BC01AF700EC913D /* DemoSwiftProjectTests.xctest */,
			);
			name = Products;
			sourceTree = "<group>";
		};
		C2EE56672BC01AF500EC913D /* DemoSwiftProject */ = {
			isa = PBXGroup;
			children = (
				C2FEA98F2BC029EB009400C3 /* .swiftlint.yml */,
				C2D56E5A2BC04288001B90AC /* App */,
				C2D56E502BC0387E001B90AC /* Coordinator */,
				C24CA95F2BC20BD5002BC8BF /* Extensions */,
				C24CA95C2BC1BC35002BC8BF /* Model */,
				C2D56E5F2BC042BF001B90AC /* Resources */,
				C2D56E5D2BC042A5001B90AC /* Scenes */,
				C24CA94B2BC1AD77002BC8BF /* Service */,
				C2EE56762BC01AF700EC913D /* Info.plist */,
			);
			path = DemoSwiftProject;
			sourceTree = "<group>";
		};
		C2EE567E2BC01AF700EC913D /* DemoSwiftProjectTests */ = {
			isa = PBXGroup;
			children = (
				C2FEA98D2BC029B9009400C3 /* .swiftlint.yml */,
				C2EE567F2BC01AF700EC913D /* DemoSwiftProjectTests.swift */,
			);
			path = DemoSwiftProjectTests;
			sourceTree = "<group>";
		};
/* End PBXGroup section */

/* Begin PBXNativeTarget section */
		C2EE56642BC01AF500EC913D /* DemoSwiftProject */ = {
			isa = PBXNativeTarget;
			buildConfigurationList = C2EE568F2BC01AF700EC913D /* Build configuration list for PBXNativeTarget "DemoSwiftProject" */;
			buildPhases = (
				C2EE56612BC01AF500EC913D /* Sources */,
				C2EE56622BC01AF500EC913D /* Frameworks */,
				C2EE56632BC01AF500EC913D /* Resources */,
				C2FEA9842BC0269A009400C3 /* ShellScript */,
			);
			buildRules = (
			);
			dependencies = (
			);
			name = DemoSwiftProject;
			productName = DemoSwiftProject;
			productReference = C2EE56652BC01AF500EC913D /* DemoSwiftProject.app */;
			productType = "com.apple.product-type.application";
		};
		C2EE567A2BC01AF700EC913D /* DemoSwiftProjectTests */ = {
			isa = PBXNativeTarget;
			buildConfigurationList = C2EE56922BC01AF700EC913D /* Build configuration list for PBXNativeTarget "DemoSwiftProjectTests" */;
			buildPhases = (
				C2EE56772BC01AF700EC913D /* Sources */,
				C2EE56782BC01AF700EC913D /* Frameworks */,
				C2EE56792BC01AF700EC913D /* Resources */,
				C2FEA98C2BC02978009400C3 /* ShellScript */,
			);
			buildRules = (
			);
			dependencies = (
				C2EE567D2BC01AF700EC913D /* PBXTargetDependency */,
			);
			name = DemoSwiftProjectTests;
			productName = DemoSwiftProjectTests;
			productReference = C2EE567B2BC01AF700EC913D /* DemoSwiftProjectTests.xctest */;
			productType = "com.apple.product-type.bundle.unit-test";
		};
/* End PBXNativeTarget section */

/* Begin PBXProject section */
		C2EE565D2BC01AF500EC913D /* Project object */ = {
			isa = PBXProject;
			attributes = {
				BuildIndependentTargetsInParallel = 1;
				LastSwiftUpdateCheck = 1530;
				LastUpgradeCheck = 1530;
				TargetAttributes = {
					C2EE56642BC01AF500EC913D = {
						CreatedOnToolsVersion = 15.3;
					};
					C2EE567A2BC01AF700EC913D = {
						CreatedOnToolsVersion = 15.3;
						TestTargetID = C2EE56642BC01AF500EC913D;
					};
				};
			};
			buildConfigurationList = C2EE56602BC01AF500EC913D /* Build configuration list for PBXProject "DemoSwiftProject" */;
			compatibilityVersion = "Xcode 14.0";
			developmentRegion = en;
			hasScannedForEncodings = 0;
			knownRegions = (
				en,
				Base,
			);
			mainGroup = C2EE565C2BC01AF500EC913D;
			productRefGroup = C2EE56662BC01AF500EC913D /* Products */;
			projectDirPath = "";
			projectRoot = "";
			targets = (
				C2EE56642BC01AF500EC913D /* DemoSwiftProject */,
				C2EE567A2BC01AF700EC913D /* DemoSwiftProjectTests */,
			);
		};
/* End PBXProject section */

/* Begin PBXResourcesBuildPhase section */
		C2EE56632BC01AF500EC913D /* Resources */ = {
			isa = PBXResourcesBuildPhase;
			buildActionMask = 2147483647;
			files = (
				C2FEA9902BC029EB009400C3 /* .swiftlint.yml in Resources */,
				C2EE56722BC01AF700EC913D /* Assets.xcassets in Resources */,
				C2EE56752BC01AF700EC913D /* Base in Resources */,
			);
			runOnlyForDeploymentPostprocessing = 0;
		};
		C2EE56792BC01AF700EC913D /* Resources */ = {
			isa = PBXResourcesBuildPhase;
			buildActionMask = 2147483647;
			files = (
				C2FEA98E2BC029B9009400C3 /* .swiftlint.yml in Resources */,
			);
			runOnlyForDeploymentPostprocessing = 0;
		};
/* End PBXResourcesBuildPhase section */

/* Begin PBXShellScriptBuildPhase section */
		C2FEA9842BC0269A009400C3 /* ShellScript */ = {
			isa = PBXShellScriptBuildPhase;
			alwaysOutOfDate = 1;
			buildActionMask = 2147483647;
			files = (
			);
			inputFileListPaths = (
			);
			inputPaths = (
			);
			outputFileListPaths = (
			);
			outputPaths = (
			);
			runOnlyForDeploymentPostprocessing = 0;
			shellPath = /bin/sh;
			shellScript = "if which swiftlint >/dev/null; then\n    swiftlint\nelse\n    echo \"warning: SwiftLint not installed, download from https://github.com/realm/SwiftLint\"\nfi\n";
			showEnvVarsInLog = 0;
		};
		C2FEA98C2BC02978009400C3 /* ShellScript */ = {
			isa = PBXShellScriptBuildPhase;
			alwaysOutOfDate = 1;
			buildActionMask = 2147483647;
			files = (
			);
			inputFileListPaths = (
			);
			inputPaths = (
			);
			outputFileListPaths = (
			);
			outputPaths = (
			);
			runOnlyForDeploymentPostprocessing = 0;
			shellPath = /bin/sh;
			shellScript = "if which swiftlint >/dev/null; then\n    swiftlint\nelse\n    echo \"warning: SwiftLint not installed, download from https://github.com/realm/SwiftLint\"\nfi\n";
			showEnvVarsInLog = 0;
		};
/* End PBXShellScriptBuildPhase section */

/* Begin PBXSourcesBuildPhase section */
		C2EE56612BC01AF500EC913D /* Sources */ = {
			isa = PBXSourcesBuildPhase;
			buildActionMask = 2147483647;
			files = (
				C2D56E522BC038A7001B90AC /* RootCoordinator.swift in Sources */,
				C2D56E572BC038D0001B90AC /* Coordinator.swift in Sources */,
				C24CA9562BC1AED6002BC8BF /* HTTPMethod.swift in Sources */,
				C2EE566D2BC01AF500EC913D /* HomeViewController.swift in Sources */,
				C2D56E6E2BC07EE5001B90AC /* DetailCoordinator.swift in Sources */,
				C2D56E682BC0734A001B90AC /* ParentCoordinator.swift in Sources */,
				C24CA9612BC20C1A002BC8BF /* Result+Extensions.swift in Sources */,
				C24CA9512BC1AE83002BC8BF /* URLRequestBuilder.swift in Sources */,
				C2EE56692BC01AF500EC913D /* AppDelegate.swift in Sources */,
				C24CA94F2BC1AE29002BC8BF /* APIRequestManager.swift in Sources */,
				C24CA95B2BC1BC1E002BC8BF /* HomeServiceProvider.swift in Sources */,
				C24CA9592BC1BC0F002BC8BF /* HomeService.swift in Sources */,
				C2D56E592BC038F7001B90AC /* HomeCoordinator.swift in Sources */,
				C24CA95E2BC1BC3F002BC8BF /* Cat.swift in Sources */,
				C2D56E702BC07EF3001B90AC /* DetailViewController.swift in Sources */,
				C2D56E6B2BC073A5001B90AC /* ChildCoordinator.swift in Sources */,
				C2EE566B2BC01AF500EC913D /* SceneDelegate.swift in Sources */,
				C24CA9532BC1AEB7002BC8BF /* APIErrorHandler.swift in Sources */,
			);
			runOnlyForDeploymentPostprocessing = 0;
		};
		C2EE56772BC01AF700EC913D /* Sources */ = {
			isa = PBXSourcesBuildPhase;
			buildActionMask = 2147483647;
			files = (
				C2EE56802BC01AF700EC913D /* DemoSwiftProjectTests.swift in Sources */,
			);
			runOnlyForDeploymentPostprocessing = 0;
		};
/* End PBXSourcesBuildPhase section */

/* Begin PBXTargetDependency section */
		C2EE567D2BC01AF700EC913D /* PBXTargetDependency */ = {
			isa = PBXTargetDependency;
			target = C2EE56642BC01AF500EC913D /* DemoSwiftProject */;
			targetProxy = C2EE567C2BC01AF700EC913D /* PBXContainerItemProxy */;
		};
/* End PBXTargetDependency section */

/* Begin PBXVariantGroup section */
		C2EE56732BC01AF700EC913D /* LaunchScreen.storyboard */ = {
			isa = PBXVariantGroup;
			children = (
				C2EE56742BC01AF700EC913D /* Base */,
			);
			name = LaunchScreen.storyboard;
			sourceTree = "<group>";
		};
/* End PBXVariantGroup section */

/* Begin XCBuildConfiguration section */
		C2EE568D2BC01AF700EC913D /* Debug */ = {
			isa = XCBuildConfiguration;
			buildSettings = {
				ALWAYS_SEARCH_USER_PATHS = NO;
				ASSETCATALOG_COMPILER_GENERATE_SWIFT_ASSET_SYMBOL_EXTENSIONS = YES;
				CLANG_ANALYZER_NONNULL = YES;
				CLANG_ANALYZER_NUMBER_OBJECT_CONVERSION = YES_AGGRESSIVE;
				CLANG_CXX_LANGUAGE_STANDARD = "gnu++20";
				CLANG_ENABLE_MODULES = YES;
				CLANG_ENABLE_OBJC_ARC = YES;
				CLANG_ENABLE_OBJC_WEAK = YES;
				CLANG_WARN_BLOCK_CAPTURE_AUTORELEASING = YES;
				CLANG_WARN_BOOL_CONVERSION = YES;
				CLANG_WARN_COMMA = YES;
				CLANG_WARN_CONSTANT_CONVERSION = YES;
				CLANG_WARN_DEPRECATED_OBJC_IMPLEMENTATIONS = YES;
				CLANG_WARN_DIRECT_OBJC_ISA_USAGE = YES_ERROR;
				CLANG_WARN_DOCUMENTATION_COMMENTS = YES;
				CLANG_WARN_EMPTY_BODY = YES;
				CLANG_WARN_ENUM_CONVERSION = YES;
				CLANG_WARN_INFINITE_RECURSION = YES;
				CLANG_WARN_INT_CONVERSION = YES;
				CLANG_WARN_NON_LITERAL_NULL_CONVERSION = YES;
				CLANG_WARN_OBJC_IMPLICIT_RETAIN_SELF = YES;
				CLANG_WARN_OBJC_LITERAL_CONVERSION = YES;
				CLANG_WARN_OBJC_ROOT_CLASS = YES_ERROR;
				CLANG_WARN_QUOTED_INCLUDE_IN_FRAMEWORK_HEADER = YES;
				CLANG_WARN_RANGE_LOOP_ANALYSIS = YES;
				CLANG_WARN_STRICT_PROTOTYPES = YES;
				CLANG_WARN_SUSPICIOUS_MOVE = YES;
				CLANG_WARN_UNGUARDED_AVAILABILITY = YES_AGGRESSIVE;
				CLANG_WARN_UNREACHABLE_CODE = YES;
				CLANG_WARN__DUPLICATE_METHOD_MATCH = YES;
				COPY_PHASE_STRIP = NO;
				DEBUG_INFORMATION_FORMAT = dwarf;
				ENABLE_STRICT_OBJC_MSGSEND = YES;
				ENABLE_TESTABILITY = YES;
				ENABLE_USER_SCRIPT_SANDBOXING = NO;
				GCC_C_LANGUAGE_STANDARD = gnu17;
				GCC_DYNAMIC_NO_PIC = NO;
				GCC_NO_COMMON_BLOCKS = YES;
				GCC_OPTIMIZATION_LEVEL = 0;
				GCC_PREPROCESSOR_DEFINITIONS = (
					"DEBUG=1",
					"$(inherited)",
				);
				GCC_WARN_64_TO_32_BIT_CONVERSION = YES;
				GCC_WARN_ABOUT_RETURN_TYPE = YES_ERROR;
				GCC_WARN_UNDECLARED_SELECTOR = YES;
				GCC_WARN_UNINITIALIZED_AUTOS = YES_AGGRESSIVE;
				GCC_WARN_UNUSED_FUNCTION = YES;
				GCC_WARN_UNUSED_VARIABLE = YES;
				IPHONEOS_DEPLOYMENT_TARGET = 13.0;
				LOCALIZATION_PREFERS_STRING_CATALOGS = YES;
				MTL_ENABLE_DEBUG_INFO = INCLUDE_SOURCE;
				MTL_FAST_MATH = YES;
				ONLY_ACTIVE_ARCH = YES;
				SDKROOT = iphoneos;
				SWIFT_ACTIVE_COMPILATION_CONDITIONS = "DEBUG $(inherited)";
				SWIFT_OPTIMIZATION_LEVEL = "-Onone";
			};
			name = Debug;
		};
		C2EE568E2BC01AF700EC913D /* Release */ = {
			isa = XCBuildConfiguration;
			buildSettings = {
				ALWAYS_SEARCH_USER_PATHS = NO;
				ASSETCATALOG_COMPILER_GENERATE_SWIFT_ASSET_SYMBOL_EXTENSIONS = YES;
				CLANG_ANALYZER_NONNULL = YES;
				CLANG_ANALYZER_NUMBER_OBJECT_CONVERSION = YES_AGGRESSIVE;
				CLANG_CXX_LANGUAGE_STANDARD = "gnu++20";
				CLANG_ENABLE_MODULES = YES;
				CLANG_ENABLE_OBJC_ARC = YES;
				CLANG_ENABLE_OBJC_WEAK = YES;
				CLANG_WARN_BLOCK_CAPTURE_AUTORELEASING = YES;
				CLANG_WARN_BOOL_CONVERSION = YES;
				CLANG_WARN_COMMA = YES;
				CLANG_WARN_CONSTANT_CONVERSION = YES;
				CLANG_WARN_DEPRECATED_OBJC_IMPLEMENTATIONS = YES;
				CLANG_WARN_DIRECT_OBJC_ISA_USAGE = YES_ERROR;
				CLANG_WARN_DOCUMENTATION_COMMENTS = YES;
				CLANG_WARN_EMPTY_BODY = YES;
				CLANG_WARN_ENUM_CONVERSION = YES;
				CLANG_WARN_INFINITE_RECURSION = YES;
				CLANG_WARN_INT_CONVERSION = YES;
				CLANG_WARN_NON_LITERAL_NULL_CONVERSION = YES;
				CLANG_WARN_OBJC_IMPLICIT_RETAIN_SELF = YES;
				CLANG_WARN_OBJC_LITERAL_CONVERSION = YES;
				CLANG_WARN_OBJC_ROOT_CLASS = YES_ERROR;
				CLANG_WARN_QUOTED_INCLUDE_IN_FRAMEWORK_HEADER = YES;
				CLANG_WARN_RANGE_LOOP_ANALYSIS = YES;
				CLANG_WARN_STRICT_PROTOTYPES = YES;
				CLANG_WARN_SUSPICIOUS_MOVE = YES;
				CLANG_WARN_UNGUARDED_AVAILABILITY = YES_AGGRESSIVE;
				CLANG_WARN_UNREACHABLE_CODE = YES;
				CLANG_WARN__DUPLICATE_METHOD_MATCH = YES;
				COPY_PHASE_STRIP = NO;
				DEBUG_INFORMATION_FORMAT = "dwarf-with-dsym";
				ENABLE_NS_ASSERTIONS = NO;
				ENABLE_STRICT_OBJC_MSGSEND = YES;
				ENABLE_USER_SCRIPT_SANDBOXING = NO;
				GCC_C_LANGUAGE_STANDARD = gnu17;
				GCC_NO_COMMON_BLOCKS = YES;
				GCC_WARN_64_TO_32_BIT_CONVERSION = YES;
				GCC_WARN_ABOUT_RETURN_TYPE = YES_ERROR;
				GCC_WARN_UNDECLARED_SELECTOR = YES;
				GCC_WARN_UNINITIALIZED_AUTOS = YES_AGGRESSIVE;
				GCC_WARN_UNUSED_FUNCTION = YES;
				GCC_WARN_UNUSED_VARIABLE = YES;
				IPHONEOS_DEPLOYMENT_TARGET = 13.0;
				LOCALIZATION_PREFERS_STRING_CATALOGS = YES;
				MTL_ENABLE_DEBUG_INFO = NO;
				MTL_FAST_MATH = YES;
				SDKROOT = iphoneos;
				SWIFT_COMPILATION_MODE = wholemodule;
				VALIDATE_PRODUCT = YES;
			};
			name = Release;
		};
		C2EE56902BC01AF700EC913D /* Debug */ = {
			isa = XCBuildConfiguration;
			buildSettings = {
				ASSETCATALOG_COMPILER_APPICON_NAME = AppIcon;
				ASSETCATALOG_COMPILER_GLOBAL_ACCENT_COLOR_NAME = AccentColor;
				CODE_SIGN_STYLE = Automatic;
				CURRENT_PROJECT_VERSION = 1;
				DEVELOPMENT_TEAM = V54XUHS56L;
				GENERATE_INFOPLIST_FILE = YES;
				INFOPLIST_FILE = DemoSwiftProject/Info.plist;
				INFOPLIST_KEY_UIApplicationSupportsIndirectInputEvents = YES;
				INFOPLIST_KEY_UILaunchStoryboardName = LaunchScreen;
				INFOPLIST_KEY_UISupportedInterfaceOrientations = UIInterfaceOrientationPortrait;
				INFOPLIST_KEY_UISupportedInterfaceOrientations_iPad = "UIInterfaceOrientationLandscapeLeft UIInterfaceOrientationLandscapeRight UIInterfaceOrientationPortrait UIInterfaceOrientationPortraitUpsideDown";
				IPHONEOS_DEPLOYMENT_TARGET = 13.0;
				LD_RUNPATH_SEARCH_PATHS = (
					"$(inherited)",
					"@executable_path/Frameworks",
				);
				MARKETING_VERSION = 1.0;
				PRODUCT_BUNDLE_IDENTIFIER = raphael.huangdubois.DemoSwiftProject;
				PRODUCT_NAME = "$(TARGET_NAME)";
				SUPPORTED_PLATFORMS = "iphoneos iphonesimulator";
				SUPPORTS_MACCATALYST = NO;
				SUPPORTS_MAC_DESIGNED_FOR_IPHONE_IPAD = NO;
				SUPPORTS_XR_DESIGNED_FOR_IPHONE_IPAD = NO;
				SWIFT_EMIT_LOC_STRINGS = YES;
				SWIFT_VERSION = 5.0;
				TARGETED_DEVICE_FAMILY = 1;
			};
			name = Debug;
		};
		C2EE56912BC01AF700EC913D /* Release */ = {
			isa = XCBuildConfiguration;
			buildSettings = {
				ASSETCATALOG_COMPILER_APPICON_NAME = AppIcon;
				ASSETCATALOG_COMPILER_GLOBAL_ACCENT_COLOR_NAME = AccentColor;
				CODE_SIGN_STYLE = Automatic;
				CURRENT_PROJECT_VERSION = 1;
				DEVELOPMENT_TEAM = V54XUHS56L;
				GENERATE_INFOPLIST_FILE = YES;
				INFOPLIST_FILE = DemoSwiftProject/Info.plist;
				INFOPLIST_KEY_UIApplicationSupportsIndirectInputEvents = YES;
				INFOPLIST_KEY_UILaunchStoryboardName = LaunchScreen;
				INFOPLIST_KEY_UISupportedInterfaceOrientations = UIInterfaceOrientationPortrait;
				INFOPLIST_KEY_UISupportedInterfaceOrientations_iPad = "UIInterfaceOrientationLandscapeLeft UIInterfaceOrientationLandscapeRight UIInterfaceOrientationPortrait UIInterfaceOrientationPortraitUpsideDown";
				IPHONEOS_DEPLOYMENT_TARGET = 13.0;
				LD_RUNPATH_SEARCH_PATHS = (
					"$(inherited)",
					"@executable_path/Frameworks",
				);
				MARKETING_VERSION = 1.0;
				PRODUCT_BUNDLE_IDENTIFIER = raphael.huangdubois.DemoSwiftProject;
				PRODUCT_NAME = "$(TARGET_NAME)";
				SUPPORTED_PLATFORMS = "iphoneos iphonesimulator";
				SUPPORTS_MACCATALYST = NO;
				SUPPORTS_MAC_DESIGNED_FOR_IPHONE_IPAD = NO;
				SUPPORTS_XR_DESIGNED_FOR_IPHONE_IPAD = NO;
				SWIFT_EMIT_LOC_STRINGS = YES;
				SWIFT_VERSION = 5.0;
				TARGETED_DEVICE_FAMILY = 1;
			};
			name = Release;
		};
		C2EE56932BC01AF700EC913D /* Debug */ = {
			isa = XCBuildConfiguration;
			buildSettings = {
				ALWAYS_EMBED_SWIFT_STANDARD_LIBRARIES = YES;
				BUNDLE_LOADER = "$(TEST_HOST)";
				CODE_SIGN_STYLE = Automatic;
				CURRENT_PROJECT_VERSION = 1;
				DEVELOPMENT_TEAM = V54XUHS56L;
				GENERATE_INFOPLIST_FILE = YES;
				IPHONEOS_DEPLOYMENT_TARGET = 13.0;
				MARKETING_VERSION = 1.0;
				PRODUCT_BUNDLE_IDENTIFIER = raphael.huangdubois.DemoSwiftProjectTests;
				PRODUCT_NAME = "$(TARGET_NAME)";
				SUPPORTED_PLATFORMS = "iphoneos iphonesimulator";
				SUPPORTS_MACCATALYST = NO;
				SUPPORTS_MAC_DESIGNED_FOR_IPHONE_IPAD = NO;
				SUPPORTS_XR_DESIGNED_FOR_IPHONE_IPAD = NO;
				SWIFT_EMIT_LOC_STRINGS = NO;
				SWIFT_VERSION = 5.0;
				TARGETED_DEVICE_FAMILY = 1;
				TEST_HOST = "$(BUILT_PRODUCTS_DIR)/DemoSwiftProject.app/$(BUNDLE_EXECUTABLE_FOLDER_PATH)/DemoSwiftProject";
			};
			name = Debug;
		};
		C2EE56942BC01AF700EC913D /* Release */ = {
			isa = XCBuildConfiguration;
			buildSettings = {
				ALWAYS_EMBED_SWIFT_STANDARD_LIBRARIES = YES;
				BUNDLE_LOADER = "$(TEST_HOST)";
				CODE_SIGN_STYLE = Automatic;
				CURRENT_PROJECT_VERSION = 1;
				DEVELOPMENT_TEAM = V54XUHS56L;
				GENERATE_INFOPLIST_FILE = YES;
				IPHONEOS_DEPLOYMENT_TARGET = 13.0;
				MARKETING_VERSION = 1.0;
				PRODUCT_BUNDLE_IDENTIFIER = raphael.huangdubois.DemoSwiftProjectTests;
				PRODUCT_NAME = "$(TARGET_NAME)";
				SUPPORTED_PLATFORMS = "iphoneos iphonesimulator";
				SUPPORTS_MACCATALYST = NO;
				SUPPORTS_MAC_DESIGNED_FOR_IPHONE_IPAD = NO;
				SUPPORTS_XR_DESIGNED_FOR_IPHONE_IPAD = NO;
				SWIFT_EMIT_LOC_STRINGS = NO;
				SWIFT_VERSION = 5.0;
				TARGETED_DEVICE_FAMILY = 1;
				TEST_HOST = "$(BUILT_PRODUCTS_DIR)/DemoSwiftProject.app/$(BUNDLE_EXECUTABLE_FOLDER_PATH)/DemoSwiftProject";
			};
			name = Release;
		};
/* End XCBuildConfiguration section */

/* Begin XCConfigurationList section */
		C2EE56602BC01AF500EC913D /* Build configuration list for PBXProject "DemoSwiftProject" */ = {
			isa = XCConfigurationList;
			buildConfigurations = (
				C2EE568D2BC01AF700EC913D /* Debug */,
				C2EE568E2BC01AF700EC913D /* Release */,
			);
			defaultConfigurationIsVisible = 0;
			defaultConfigurationName = Release;
		};
		C2EE568F2BC01AF700EC913D /* Build configuration list for PBXNativeTarget "DemoSwiftProject" */ = {
			isa = XCConfigurationList;
			buildConfigurations = (
				C2EE56902BC01AF700EC913D /* Debug */,
				C2EE56912BC01AF700EC913D /* Release */,
			);
			defaultConfigurationIsVisible = 0;
			defaultConfigurationName = Release;
		};
		C2EE56922BC01AF700EC913D /* Build configuration list for PBXNativeTarget "DemoSwiftProjectTests" */ = {
			isa = XCConfigurationList;
			buildConfigurations = (
				C2EE56932BC01AF700EC913D /* Debug */,
				C2EE56942BC01AF700EC913D /* Release */,
			);
			defaultConfigurationIsVisible = 0;
			defaultConfigurationName = Release;
		};
/* End XCConfigurationList section */
	};
	rootObject = C2EE565D2BC01AF500EC913D /* Project object */;
}
